// !$*UTF8*$!
{
	archiveVersion = 1;
	classes = {
	};
	objectVersion = 50;
	objects = {

/* Begin PBXBuildFile section */
		A2C58BA329392C3D00940815 /* AppDelegate.swift in Sources */ = {isa = PBXBuildFile; fileRef = A2C58BA229392C3D00940815 /* AppDelegate.swift */; };
		A2C58BA529392C3D00940815 /* SceneDelegate.swift in Sources */ = {isa = PBXBuildFile; fileRef = A2C58BA429392C3D00940815 /* SceneDelegate.swift */; };
		A2C58BA729392C3D00940815 /* ViewController.swift in Sources */ = {isa = PBXBuildFile; fileRef = A2C58BA629392C3D00940815 /* ViewController.swift */; };
		A2C58BAA29392C3D00940815 /* Main.storyboard in Resources */ = {isa = PBXBuildFile; fileRef = A2C58BA829392C3D00940815 /* Main.storyboard */; };
		A2C58BAC29392C3E00940815 /* Assets.xcassets in Resources */ = {isa = PBXBuildFile; fileRef = A2C58BAB29392C3E00940815 /* Assets.xcassets */; };
		A2C58BAF29392C3E00940815 /* LaunchScreen.storyboard in Resources */ = {isa = PBXBuildFile; fileRef = A2C58BAD29392C3E00940815 /* LaunchScreen.storyboard */; };
		A2C58BB929392CC800940815 /* ContatoTableViewCell.swift in Sources */ = {isa = PBXBuildFile; fileRef = A2C58BB729392CC800940815 /* ContatoTableViewCell.swift */; };
		A2C58BBA29392CC800940815 /* ContatoTableViewCell.xib in Resources */ = {isa = PBXBuildFile; fileRef = A2C58BB829392CC800940815 /* ContatoTableViewCell.xib */; };
		A2C58BBD293936EF00940815 /* cadastrados.swift in Sources */ = {isa = PBXBuildFile; fileRef = A2C58BBC293936EF00940815 /* cadastrados.swift */; };
/* End PBXBuildFile section */

/* Begin PBXFileReference section */
		A2C58B9F29392C3D00940815 /* ContatoTableView.app */ = {isa = PBXFileReference; explicitFileType = wrapper.application; includeInIndex = 0; path = ContatoTableView.app; sourceTree = BUILT_PRODUCTS_DIR; };
		A2C58BA229392C3D00940815 /* AppDelegate.swift */ = {isa = PBXFileReference; lastKnownFileType = sourcecode.swift; path = AppDelegate.swift; sourceTree = "<group>"; };
		A2C58BA429392C3D00940815 /* SceneDelegate.swift */ = {isa = PBXFileReference; lastKnownFileType = sourcecode.swift; path = SceneDelegate.swift; sourceTree = "<group>"; };
		A2C58BA629392C3D00940815 /* ViewController.swift */ = {isa = PBXFileReference; lastKnownFileType = sourcecode.swift; path = ViewController.swift; sourceTree = "<group>"; };
		A2C58BA929392C3D00940815 /* Base */ = {isa = PBXFileReference; lastKnownFileType = file.storyboard; name = Base; path = Base.lproj/Main.storyboard; sourceTree = "<group>"; };
		A2C58BAB29392C3E00940815 /* Assets.xcassets */ = {isa = PBXFileReference; lastKnownFileType = folder.assetcatalog; path = Assets.xcassets; sourceTree = "<group>"; };
		A2C58BAE29392C3E00940815 /* Base */ = {isa = PBXFileReference; lastKnownFileType = file.storyboard; name = Base; path = Base.lproj/LaunchScreen.storyboard; sourceTree = "<group>"; };
		A2C58BB029392C3E00940815 /* Info.plist */ = {isa = PBXFileReference; lastKnownFileType = text.plist.xml; path = Info.plist; sourceTree = "<group>"; };
		A2C58BB729392CC800940815 /* ContatoTableViewCell.swift */ = {isa = PBXFileReference; lastKnownFileType = sourcecode.swift; path = ContatoTableViewCell.swift; sourceTree = "<group>"; };
		A2C58BB829392CC800940815 /* ContatoTableViewCell.xib */ = {isa = PBXFileReference; lastKnownFileType = file.xib; path = ContatoTableViewCell.xib; sourceTree = "<group>"; };
		A2C58BBC293936EF00940815 /* cadastrados.swift */ = {isa = PBXFileReference; lastKnownFileType = sourcecode.swift; path = cadastrados.swift; sourceTree = "<group>"; };
/* End PBXFileReference section */

/* Begin PBXFrameworksBuildPhase section */
		A2C58B9C29392C3D00940815 /* Frameworks */ = {
			isa = PBXFrameworksBuildPhase;
			buildActionMask = 2147483647;
			files = (
			);
			runOnlyForDeploymentPostprocessing = 0;
		};
/* End PBXFrameworksBuildPhase section */

/* Begin PBXGroup section */
		A2C58B9629392C3D00940815 = {
			isa = PBXGroup;
			children = (
				A2C58BA129392C3D00940815 /* ContatoTableView */,
				A2C58BA029392C3D00940815 /* Products */,
			);
			sourceTree = "<group>";
		};
		A2C58BA029392C3D00940815 /* Products */ = {
			isa = PBXGroup;
			children = (
				A2C58B9F29392C3D00940815 /* ContatoTableView.app */,
			);
			name = Products;
			sourceTree = "<group>";
		};
		A2C58BA129392C3D00940815 /* ContatoTableView */ = {
			isa = PBXGroup;
			children = (
				A2C58BBB293936B600940815 /* Model */,
				A2C58BB629392C9400940815 /* ContatoCell */,
				A2C58BA229392C3D00940815 /* AppDelegate.swift */,
				A2C58BA429392C3D00940815 /* SceneDelegate.swift */,
				A2C58BA629392C3D00940815 /* ViewController.swift */,
				A2C58BA829392C3D00940815 /* Main.storyboard */,
				A2C58BAB29392C3E00940815 /* Assets.xcassets */,
				A2C58BAD29392C3E00940815 /* LaunchScreen.storyboard */,
				A2C58BB029392C3E00940815 /* Info.plist */,
			);
			path = ContatoTableView;
			sourceTree = "<group>";
		};
		A2C58BB629392C9400940815 /* ContatoCell */ = {
			isa = PBXGroup;
			children = (
				A2C58BB729392CC800940815 /* ContatoTableViewCell.swift */,
				A2C58BB829392CC800940815 /* ContatoTableViewCell.xib */,
			);
			path = ContatoCell;
			sourceTree = "<group>";
		};
		A2C58BBB293936B600940815 /* Model */ = {
			isa = PBXGroup;
			children = (
				A2C58BBC293936EF00940815 /* cadastrados.swift */,
			);
			path = Model;
			sourceTree = "<group>";
		};
/* End PBXGroup section */

/* Begin PBXNativeTarget section */
		A2C58B9E29392C3D00940815 /* ContatoTableView */ = {
			isa = PBXNativeTarget;
			buildConfigurationList = A2C58BB329392C3E00940815 /* Build configuration list for PBXNativeTarget "ContatoTableView" */;
			buildPhases = (
				A2C58B9B29392C3D00940815 /* Sources */,
				A2C58B9C29392C3D00940815 /* Frameworks */,
				A2C58B9D29392C3D00940815 /* Resources */,
			);
			buildRules = (
			);
			dependencies = (
			);
			name = ContatoTableView;
			productName = ContatoTableView;
			productReference = A2C58B9F29392C3D00940815 /* ContatoTableView.app */;
			productType = "com.apple.product-type.application";
		};
/* End PBXNativeTarget section */

/* Begin PBXProject section */
		A2C58B9729392C3D00940815 /* Project object */ = {
			isa = PBXProject;
			attributes = {
				LastSwiftUpdateCheck = 1250;
				LastUpgradeCheck = 1250;
				TargetAttributes = {
					A2C58B9E29392C3D00940815 = {
						CreatedOnToolsVersion = 12.5.1;
					};
				};
			};
			buildConfigurationList = A2C58B9A29392C3D00940815 /* Build configuration list for PBXProject "ContatoTableView" */;
			compatibilityVersion = "Xcode 9.3";
			developmentRegion = en;
			hasScannedForEncodings = 0;
			knownRegions = (
				en,
				Base,
			);
			mainGroup = A2C58B9629392C3D00940815;
			productRefGroup = A2C58BA029392C3D00940815 /* Products */;
			projectDirPath = "";
			projectRoot = "";
			targets = (
				A2C58B9E29392C3D00940815 /* ContatoTableView */,
			);
		};
/* End PBXProject section */

/* Begin PBXResourcesBuildPhase section */
		A2C58B9D29392C3D00940815 /* Resources */ = {
			isa = PBXResourcesBuildPhase;
			buildActionMask = 2147483647;
			files = (
				A2C58BBA29392CC800940815 /* ContatoTableViewCell.xib in Resources */,
				A2C58BAF29392C3E00940815 /* LaunchScreen.storyboard in Resources */,
				A2C58BAC29392C3E00940815 /* Assets.xcassets in Resources */,
				A2C58BAA29392C3D00940815 /* Main.storyboard in Resources */,
			);
			runOnlyForDeploymentPostprocessing = 0;
		};
/* End PBXResourcesBuildPhase section */

/* Begin PBXSourcesBuildPhase section */
		A2C58B9B29392C3D00940815 /* Sources */ = {
			isa = PBXSourcesBuildPhase;
			buildActionMask = 2147483647;
			files = (
				A2C58BB929392CC800940815 /* ContatoTableViewCell.swift in Sources */,
				A2C58BA729392C3D00940815 /* ViewController.swift in Sources */,
				A2C58BBD293936EF00940815 /* cadastrados.swift in Sources */,
				A2C58BA329392C3D00940815 /* AppDelegate.swift in Sources */,
				A2C58BA529392C3D00940815 /* SceneDelegate.swift in Sources */,
			);
			runOnlyForDeploymentPostprocessing = 0;
		};
/* End PBXSourcesBuildPhase section */

/* Begin PBXVariantGroup section */
		A2C58BA829392C3D00940815 /* Main.storyboard */ = {
			isa = PBXVariantGroup;
			children = (
				A2C58BA929392C3D00940815 /* Base */,
			);
			name = Main.storyboard;
			sourceTree = "<group>";
		};
		A2C58BAD29392C3E00940815 /* LaunchScreen.storyboard */ = {
			isa = PBXVariantGroup;
			children = (
				A2C58BAE29392C3E00940815 /* Base */,
			);
			name = LaunchScreen.storyboard;
			sourceTree = "<group>";
		};
/* End PBXVariantGroup section */

/* Begin XCBuildConfiguration section */
		A2C58BB129392C3E00940815 /* Debug */ = {
			isa = XCBuildConfiguration;
			buildSettings = {
				ALWAYS_SEARCH_USER_PATHS = NO;
				CLANG_ANALYZER_NONNULL = YES;
				CLANG_ANALYZER_NUMBER_OBJECT_CONVERSION = YES_AGGRESSIVE;
				CLANG_CXX_LANGUAGE_STANDARD = "gnu++14";
				CLANG_CXX_LIBRARY = "libc++";
				CLANG_ENABLE_MODULES = YES;
				CLANG_ENABLE_OBJC_ARC = YES;
				CLANG_ENABLE_OBJC_WEAK = YES;
				CLANG_WARN_BLOCK_CAPTURE_AUTORELEASING = YES;
				CLANG_WARN_BOOL_CONVERSION = YES;
				CLANG_WARN_COMMA = YES;
				CLANG_WARN_CONSTANT_CONVERSION = YES;
				CLANG_WARN_DEPRECATED_OBJC_IMPLEMENTATIONS = YES;
				CLANG_WARN_DIRECT_OBJC_ISA_USAGE = YES_ERROR;
				CLANG_WARN_DOCUMENTATION_COMMENTS = YES;
				CLANG_WARN_EMPTY_BODY = YES;
				CLANG_WARN_ENUM_CONVERSION = YES;
				CLANG_WARN_INFINITE_RECURSION = YES;
				CLANG_WARN_INT_CONVERSION = YES;
				CLANG_WARN_NON_LITERAL_NULL_CONVERSION = YES;
				CLANG_WARN_OBJC_IMPLICIT_RETAIN_SELF = YES;
				CLANG_WARN_OBJC_LITERAL_CONVERSION = YES;
				CLANG_WARN_OBJC_ROOT_CLASS = YES_ERROR;
				CLANG_WARN_QUOTED_INCLUDE_IN_FRAMEWORK_HEADER = YES;
				CLANG_WARN_RANGE_LOOP_ANALYSIS = YES;
				CLANG_WARN_STRICT_PROTOTYPES = YES;
				CLANG_WARN_SUSPICIOUS_MOVE = YES;
				CLANG_WARN_UNGUARDED_AVAILABILITY = YES_AGGRESSIVE;
				CLANG_WARN_UNREACHABLE_CODE = YES;
				CLANG_WARN__DUPLICATE_METHOD_MATCH = YES;
				COPY_PHASE_STRIP = NO;
				DEBUG_INFORMATION_FORMAT = dwarf;
				ENABLE_STRICT_OBJC_MSGSEND = YES;
				ENABLE_TESTABILITY = YES;
				GCC_C_LANGUAGE_STANDARD = gnu11;
				GCC_DYNAMIC_NO_PIC = NO;
				GCC_NO_COMMON_BLOCKS = YES;
				GCC_OPTIMIZATION_LEVEL = 0;
				GCC_PREPROCESSOR_DEFINITIONS = (
					"DEBUG=1",
					"$(inherited)",
				);
				GCC_WARN_64_TO_32_BIT_CONVERSION = YES;
				GCC_WARN_ABOUT_RETURN_TYPE = YES_ERROR;
				GCC_WARN_UNDECLARED_SELECTOR = YES;
				GCC_WARN_UNINITIALIZED_AUTOS = YES_AGGRESSIVE;
				GCC_WARN_UNUSED_FUNCTION = YES;
				GCC_WARN_UNUSED_VARIABLE = YES;
				IPHONEOS_DEPLOYMENT_TARGET = 14.5;
				MTL_ENABLE_DEBUG_INFO = INCLUDE_SOURCE;
				MTL_FAST_MATH = YES;
				ONLY_ACTIVE_ARCH = YES;
				SDKROOT = iphoneos;
				SWIFT_ACTIVE_COMPILATION_CONDITIONS = DEBUG;
				SWIFT_OPTIMIZATION_LEVEL = "-Onone";
			};
			name = Debug;
		};
		A2C58BB229392C3E00940815 /* Release */ = {
			isa = XCBuildConfiguration;
			buildSettings = {
				ALWAYS_SEARCH_USER_PATHS = NO;
				CLANG_ANALYZER_NONNULL = YES;
				CLANG_ANALYZER_NUMBER_OBJECT_CONVERSION = YES_AGGRESSIVE;
				CLANG_CXX_LANGUAGE_STANDARD = "gnu++14";
				CLANG_CXX_LIBRARY = "libc++";
				CLANG_ENABLE_MODULES = YES;
				CLANG_ENABLE_OBJC_ARC = YES;
				CLANG_ENABLE_OBJC_WEAK = YES;
				CLANG_WARN_BLOCK_CAPTURE_AUTORELEASING = YES;
				CLANG_WARN_BOOL_CONVERSION = YES;
				CLANG_WARN_COMMA = YES;
				CLANG_WARN_CONSTANT_CONVERSION = YES;
				CLANG_WARN_DEPRECATED_OBJC_IMPLEMENTATIONS = YES;
				CLANG_WARN_DIRECT_OBJC_ISA_USAGE = YES_ERROR;
				CLANG_WARN_DOCUMENTATION_COMMENTS = YES;
				CLANG_WARN_EMPTY_BODY = YES;
				CLANG_WARN_ENUM_CONVERSION = YES;
				CLANG_WARN_INFINITE_RECURSION = YES;
				CLANG_WARN_INT_CONVERSION = YES;
				CLANG_WARN_NON_LITERAL_NULL_CONVERSION = YES;
				CLANG_WARN_OBJC_IMPLICIT_RETAIN_SELF = YES;
				CLANG_WARN_OBJC_LITERAL_CONVERSION = YES;
				CLANG_WARN_OBJC_ROOT_CLASS = YES_ERROR;
				CLANG_WARN_QUOTED_INCLUDE_IN_FRAMEWORK_HEADER = YES;
				CLANG_WARN_RANGE_LOOP_ANALYSIS = YES;
				CLANG_WARN_STRICT_PROTOTYPES = YES;
				CLANG_WARN_SUSPICIOUS_MOVE = YES;
				CLANG_WARN_UNGUARDED_AVAILABILITY = YES_AGGRESSIVE;
				CLANG_WARN_UNREACHABLE_CODE = YES;
				CLANG_WARN__DUPLICATE_METHOD_MATCH = YES;
				COPY_PHASE_STRIP = NO;
				DEBUG_INFORMATION_FORMAT = "dwarf-with-dsym";
				ENABLE_NS_ASSERTIONS = NO;
				ENABLE_STRICT_OBJC_MSGSEND = YES;
				GCC_C_LANGUAGE_STANDARD = gnu11;
				GCC_NO_COMMON_BLOCKS = YES;
				GCC_WARN_64_TO_32_BIT_CONVERSION = YES;
				GCC_WARN_ABOUT_RETURN_TYPE = YES_ERROR;
				GCC_WARN_UNDECLARED_SELECTOR = YES;
				GCC_WARN_UNINITIALIZED_AUTOS = YES_AGGRESSIVE;
				GCC_WARN_UNUSED_FUNCTION = YES;
				GCC_WARN_UNUSED_VARIABLE = YES;
				IPHONEOS_DEPLOYMENT_TARGET = 14.5;
				MTL_ENABLE_DEBUG_INFO = NO;
				MTL_FAST_MATH = YES;
				SDKROOT = iphoneos;
				SWIFT_COMPILATION_MODE = wholemodule;
				SWIFT_OPTIMIZATION_LEVEL = "-O";
				VALIDATE_PRODUCT = YES;
			};
			name = Release;
		};
		A2C58BB429392C3E00940815 /* Debug */ = {
			isa = XCBuildConfiguration;
			buildSettings = {
				ASSETCATALOG_COMPILER_APPICON_NAME = AppIcon;
				ASSETCATALOG_COMPILER_GLOBAL_ACCENT_COLOR_NAME = AccentColor;
				CODE_SIGN_STYLE = Automatic;
				DEVELOPMENT_TEAM = GGL98XRCPY;
				INFOPLIST_FILE = ContatoTableView/Info.plist;
				LD_RUNPATH_SEARCH_PATHS = (
					"$(inherited)",
					"@executable_path/Frameworks",
				);
				PRODUCT_BUNDLE_IDENTIFIER = com.thais.ContatoTableView;
				PRODUCT_NAME = "$(TARGET_NAME)";
				SWIFT_VERSION = 5.0;
				TARGETED_DEVICE_FAMILY = "1,2";
			};
			name = Debug;
		};
		A2C58BB529392C3E00940815 /* Release */ = {
			isa = XCBuildConfiguration;
			buildSettings = {
				ASSETCATALOG_COMPILER_APPICON_NAME = AppIcon;
				ASSETCATALOG_COMPILER_GLOBAL_ACCENT_COLOR_NAME = AccentColor;
				CODE_SIGN_STYLE = Automatic;
				DEVELOPMENT_TEAM = GGL98XRCPY;
				INFOPLIST_FILE = ContatoTableView/Info.plist;
				LD_RUNPATH_SEARCH_PATHS = (
					"$(inherited)",
					"@executable_path/Frameworks",
				);
				PRODUCT_BUNDLE_IDENTIFIER = com.thais.ContatoTableView;
				PRODUCT_NAME = "$(TARGET_NAME)";
				SWIFT_VERSION = 5.0;
				TARGETED_DEVICE_FAMILY = "1,2";
			};
			name = Release;
		};
/* End XCBuildConfiguration section */

/* Begin XCConfigurationList section */
		A2C58B9A29392C3D00940815 /* Build configuration list for PBXProject "ContatoTableView" */ = {
			isa = XCConfigurationList;
			buildConfigurations = (
				A2C58BB129392C3E00940815 /* Debug */,
				A2C58BB229392C3E00940815 /* Release */,
			);
			defaultConfigurationIsVisible = 0;
			defaultConfigurationName = Release;
		};
		A2C58BB329392C3E00940815 /* Build configuration list for PBXNativeTarget "ContatoTableView" */ = {
			isa = XCConfigurationList;
			buildConfigurations = (
				A2C58BB429392C3E00940815 /* Debug */,
				A2C58BB529392C3E00940815 /* Release */,
			);
			defaultConfigurationIsVisible = 0;
			defaultConfigurationName = Release;
		};
/* End XCConfigurationList section */
	};
	rootObject = A2C58B9729392C3D00940815 /* Project object */;
}
